{
  "name": "bareui-router",
  "version": "0.1.0",
  "lockfileVersion": 3,
  "requires": true,
  "packages": {
    "": {
      "name": "bareui-router",
      "version": "0.1.0",
      "license": "MIT",
      "dependencies": {
        "bareui-core": "^1.0.0",
        "typescript": "^5.9.3"
      }
    },
    "node_modules/bareui-core": {
      "version": "1.0.0",
      "resolved": "https://registry.npmjs.org/bareui-core/-/bareui-core-1.0.0.tgz",
      "integrity": "sha512-VI4hK/HlhcC/kPclcubv63teVOHH6ln10oFn8UsLMzdbbCxoiRwbiIz03P9uYmKyCC8od52eR6KHQ58CmslhkA==",
      "license": "MIT"
    },
    "node_modules/typescript": {
      "version": "5.9.3",
      "resolved": "https://registry.npmjs.org/typescript/-/typescript-5.9.3.tgz",
      "integrity": "sha512-jl1vZzPDinLr9eUt3J/t7V6FgNEw9QjvBPdysz9KfQDD41fQrC2Y4vKQdiaUpFT4bXlb1RHhLpp8wtm6M5TgSw==",
      "license": "Apache-2.0",
      "bin": {
        "tsc": "bin/tsc",
        "tsserver": "bin/tsserver"
      },
      "engines": {
        "node": ">=14.17"
      }
    }
  }
}
